<<<<<<< HEAD
﻿
Microsoft Visual Studio Solution File, Format Version 11.00
# Visual Studio 2010
Project("{FAE04EC0-301F-11D3-BF4B-00C04F79EFBC}") = "MonkeyCubeRun", "Assembly-CSharp.csproj", "{9A21A083-D8AC-EC36-D2C3-2AF7CD303818}"
EndProject
Project("{FAE04EC0-301F-11D3-BF4B-00C04F79EFBC}") = "MonkeyCubeRun", "Assembly-CSharp-Editor.csproj", "{F085DA34-904F-6A6E-8B50-4C24B138B374}"
EndProject
Global
	GlobalSection(SolutionConfigurationPlatforms) = preSolution
		Debug|Any CPU = Debug|Any CPU
		Release|Any CPU = Release|Any CPU
	EndGlobalSection
	GlobalSection(ProjectConfigurationPlatforms) = postSolution
		{9A21A083-D8AC-EC36-D2C3-2AF7CD303818}.Debug|Any CPU.ActiveCfg = Debug|Any CPU
		{9A21A083-D8AC-EC36-D2C3-2AF7CD303818}.Debug|Any CPU.Build.0 = Debug|Any CPU
		{9A21A083-D8AC-EC36-D2C3-2AF7CD303818}.Release|Any CPU.ActiveCfg = Release|Any CPU
		{9A21A083-D8AC-EC36-D2C3-2AF7CD303818}.Release|Any CPU.Build.0 = Release|Any CPU
		{F085DA34-904F-6A6E-8B50-4C24B138B374}.Debug|Any CPU.ActiveCfg = Debug|Any CPU
		{F085DA34-904F-6A6E-8B50-4C24B138B374}.Debug|Any CPU.Build.0 = Debug|Any CPU
		{F085DA34-904F-6A6E-8B50-4C24B138B374}.Release|Any CPU.ActiveCfg = Release|Any CPU
		{F085DA34-904F-6A6E-8B50-4C24B138B374}.Release|Any CPU.Build.0 = Release|Any CPU
	EndGlobalSection
	GlobalSection(SolutionProperties) = preSolution
		HideSolutionNode = FALSE
	EndGlobalSection
	GlobalSection(MonoDevelopProperties) = preSolution
		StartupItem = Assembly-CSharp.csproj
	EndGlobalSection
EndGlobal
=======
﻿
Microsoft Visual Studio Solution File, Format Version 11.00
# Visual Studio 2010
Project("{FAE04EC0-301F-11D3-BF4B-00C04F79EFBC}") = "MonkeyCubeRun", "Assembly-CSharp.csproj", "{9A21A083-D8AC-EC36-D2C3-2AF7CD303818}"
EndProject
Project("{FAE04EC0-301F-11D3-BF4B-00C04F79EFBC}") = "MonkeyCubeRun", "Assembly-CSharp-Editor.csproj", "{F085DA34-904F-6A6E-8B50-4C24B138B374}"
EndProject
Global
	GlobalSection(SolutionConfigurationPlatforms) = preSolution
		Debug|Any CPU = Debug|Any CPU
		Release|Any CPU = Release|Any CPU
	EndGlobalSection
	GlobalSection(ProjectConfigurationPlatforms) = postSolution
		{9A21A083-D8AC-EC36-D2C3-2AF7CD303818}.Debug|Any CPU.ActiveCfg = Debug|Any CPU
		{9A21A083-D8AC-EC36-D2C3-2AF7CD303818}.Debug|Any CPU.Build.0 = Debug|Any CPU
		{9A21A083-D8AC-EC36-D2C3-2AF7CD303818}.Release|Any CPU.ActiveCfg = Release|Any CPU
		{9A21A083-D8AC-EC36-D2C3-2AF7CD303818}.Release|Any CPU.Build.0 = Release|Any CPU
		{F085DA34-904F-6A6E-8B50-4C24B138B374}.Debug|Any CPU.ActiveCfg = Debug|Any CPU
		{F085DA34-904F-6A6E-8B50-4C24B138B374}.Debug|Any CPU.Build.0 = Debug|Any CPU
		{F085DA34-904F-6A6E-8B50-4C24B138B374}.Release|Any CPU.ActiveCfg = Release|Any CPU
		{F085DA34-904F-6A6E-8B50-4C24B138B374}.Release|Any CPU.Build.0 = Release|Any CPU
	EndGlobalSection
	GlobalSection(SolutionProperties) = preSolution
		HideSolutionNode = FALSE
	EndGlobalSection
	GlobalSection(MonoDevelopProperties) = preSolution
		StartupItem = Assembly-CSharp.csproj
	EndGlobalSection
EndGlobal
>>>>>>> first game upload
